// !$*UTF8*$!
{
	archiveVersion = 1;
	classes = {
	};
	objectVersion = 46;
	objects = {

/* Begin PBXBuildFile section */
		870FEA6B1C8BD04B0016E197 /* AppDelegate.swift in Sources */ = {isa = PBXBuildFile; fileRef = 870FEA6A1C8BD04B0016E197 /* AppDelegate.swift */; };
		870FEA6D1C8BD04B0016E197 /* ViewController.swift in Sources */ = {isa = PBXBuildFile; fileRef = 870FEA6C1C8BD04B0016E197 /* ViewController.swift */; };
		870FEA701C8BD04B0016E197 /* Main.storyboard in Resources */ = {isa = PBXBuildFile; fileRef = 870FEA6E1C8BD04B0016E197 /* Main.storyboard */; };
		870FEA721C8BD04B0016E197 /* Assets.xcassets in Resources */ = {isa = PBXBuildFile; fileRef = 870FEA711C8BD04B0016E197 /* Assets.xcassets */; };
		870FEA751C8BD04B0016E197 /* LaunchScreen.storyboard in Resources */ = {isa = PBXBuildFile; fileRef = 870FEA731C8BD04B0016E197 /* LaunchScreen.storyboard */; };
		870FEA7E1C8BD4F10016E197 /* ProfileViewController.swift in Sources */ = {isa = PBXBuildFile; fileRef = 870FEA7D1C8BD4F10016E197 /* ProfileViewController.swift */; };
		870FEA801C8BD4FC0016E197 /* CaptureViewController.swift in Sources */ = {isa = PBXBuildFile; fileRef = 870FEA7F1C8BD4FC0016E197 /* CaptureViewController.swift */; };
		870FEA821C8BD50C0016E197 /* HomeViewController.swift in Sources */ = {isa = PBXBuildFile; fileRef = 870FEA811C8BD50C0016E197 /* HomeViewController.swift */; };
		AFE81B87B81743A589D4861A /* Pods_CodePath_Instagram.framework in Frameworks */ = {isa = PBXBuildFile; fileRef = D215DCE14BBFAC2DC2624FA8 /* Pods_CodePath_Instagram.framework */; };
/* End PBXBuildFile section */

/* Begin PBXFileReference section */
		01C9DC550DA4C79CDD740E28 /* Pods-CodePath-Instagram.debug.xcconfig */ = {isa = PBXFileReference; includeInIndex = 1; lastKnownFileType = text.xcconfig; name = "Pods-CodePath-Instagram.debug.xcconfig"; path = "Pods/Target Support Files/Pods-CodePath-Instagram/Pods-CodePath-Instagram.debug.xcconfig"; sourceTree = "<group>"; };
		5B61F3739F08A6093DA974E9 /* Pods-CodePath-Instagram.release.xcconfig */ = {isa = PBXFileReference; includeInIndex = 1; lastKnownFileType = text.xcconfig; name = "Pods-CodePath-Instagram.release.xcconfig"; path = "Pods/Target Support Files/Pods-CodePath-Instagram/Pods-CodePath-Instagram.release.xcconfig"; sourceTree = "<group>"; };
		870FEA671C8BD04B0016E197 /* CodePath-Instagram.app */ = {isa = PBXFileReference; explicitFileType = wrapper.application; includeInIndex = 0; path = "CodePath-Instagram.app"; sourceTree = BUILT_PRODUCTS_DIR; };
		870FEA6A1C8BD04B0016E197 /* AppDelegate.swift */ = {isa = PBXFileReference; lastKnownFileType = sourcecode.swift; path = AppDelegate.swift; sourceTree = "<group>"; };
		870FEA6C1C8BD04B0016E197 /* ViewController.swift */ = {isa = PBXFileReference; lastKnownFileType = sourcecode.swift; path = ViewController.swift; sourceTree = "<group>"; };
		870FEA6F1C8BD04B0016E197 /* Base */ = {isa = PBXFileReference; lastKnownFileType = file.storyboard; name = Base; path = Base.lproj/Main.storyboard; sourceTree = "<group>"; };
		870FEA711C8BD04B0016E197 /* Assets.xcassets */ = {isa = PBXFileReference; lastKnownFileType = folder.assetcatalog; path = Assets.xcassets; sourceTree = "<group>"; };
		870FEA741C8BD04B0016E197 /* Base */ = {isa = PBXFileReference; lastKnownFileType = file.storyboard; name = Base; path = Base.lproj/LaunchScreen.storyboard; sourceTree = "<group>"; };
		870FEA761C8BD04B0016E197 /* Info.plist */ = {isa = PBXFileReference; lastKnownFileType = text.plist.xml; path = Info.plist; sourceTree = "<group>"; };
		870FEA7D1C8BD4F10016E197 /* ProfileViewController.swift */ = {isa = PBXFileReference; fileEncoding = 4; lastKnownFileType = sourcecode.swift; path = ProfileViewController.swift; sourceTree = "<group>"; };
		870FEA7F1C8BD4FC0016E197 /* CaptureViewController.swift */ = {isa = PBXFileReference; fileEncoding = 4; lastKnownFileType = sourcecode.swift; path = CaptureViewController.swift; sourceTree = "<group>"; };
		870FEA811C8BD50C0016E197 /* HomeViewController.swift */ = {isa = PBXFileReference; fileEncoding = 4; lastKnownFileType = sourcecode.swift; path = HomeViewController.swift; sourceTree = "<group>"; };
		D215DCE14BBFAC2DC2624FA8 /* Pods_CodePath_Instagram.framework */ = {isa = PBXFileReference; explicitFileType = wrapper.framework; includeInIndex = 0; path = Pods_CodePath_Instagram.framework; sourceTree = BUILT_PRODUCTS_DIR; };
/* End PBXFileReference section */

/* Begin PBXFrameworksBuildPhase section */
		870FEA641C8BD04B0016E197 /* Frameworks */ = {
			isa = PBXFrameworksBuildPhase;
			buildActionMask = 2147483647;
			files = (
				AFE81B87B81743A589D4861A /* Pods_CodePath_Instagram.framework in Frameworks */,
			);
			runOnlyForDeploymentPostprocessing = 0;
		};
/* End PBXFrameworksBuildPhase section */

/* Begin PBXGroup section */
		3A9EF2C815BC506207447DA0 /* Frameworks */ = {
			isa = PBXGroup;
			children = (
				D215DCE14BBFAC2DC2624FA8 /* Pods_CodePath_Instagram.framework */,
			);
			name = Frameworks;
			sourceTree = "<group>";
		};
		870FEA5E1C8BD04B0016E197 = {
			isa = PBXGroup;
			children = (
				870FEA691C8BD04B0016E197 /* CodePath-Instagram */,
				870FEA681C8BD04B0016E197 /* Products */,
				D2AC47E180E35340BACAB03E /* Pods */,
				3A9EF2C815BC506207447DA0 /* Frameworks */,
			);
			sourceTree = "<group>";
		};
		870FEA681C8BD04B0016E197 /* Products */ = {
			isa = PBXGroup;
			children = (
				870FEA671C8BD04B0016E197 /* CodePath-Instagram.app */,
			);
			name = Products;
			sourceTree = "<group>";
		};
		870FEA691C8BD04B0016E197 /* CodePath-Instagram */ = {
			isa = PBXGroup;
			children = (
				870FEA7C1C8BD4C70016E197 /* ViewControllers */,
				870FEA6A1C8BD04B0016E197 /* AppDelegate.swift */,
				870FEA6E1C8BD04B0016E197 /* Main.storyboard */,
				870FEA711C8BD04B0016E197 /* Assets.xcassets */,
				870FEA731C8BD04B0016E197 /* LaunchScreen.storyboard */,
				870FEA761C8BD04B0016E197 /* Info.plist */,
			);
			path = "CodePath-Instagram";
			sourceTree = "<group>";
		};
		870FEA7C1C8BD4C70016E197 /* ViewControllers */ = {
			isa = PBXGroup;
			children = (
				870FEA6C1C8BD04B0016E197 /* ViewController.swift */,
				870FEA7D1C8BD4F10016E197 /* ProfileViewController.swift */,
				870FEA7F1C8BD4FC0016E197 /* CaptureViewController.swift */,
				870FEA811C8BD50C0016E197 /* HomeViewController.swift */,
			);
			name = ViewControllers;
			sourceTree = "<group>";
		};
		D2AC47E180E35340BACAB03E /* Pods */ = {
			isa = PBXGroup;
			children = (
				01C9DC550DA4C79CDD740E28 /* Pods-CodePath-Instagram.debug.xcconfig */,
				5B61F3739F08A6093DA974E9 /* Pods-CodePath-Instagram.release.xcconfig */,
			);
			name = Pods;
			sourceTree = "<group>";
		};
/* End PBXGroup section */

/* Begin PBXNativeTarget section */
		870FEA661C8BD04B0016E197 /* CodePath-Instagram */ = {
			isa = PBXNativeTarget;
			buildConfigurationList = 870FEA791C8BD04B0016E197 /* Build configuration list for PBXNativeTarget "CodePath-Instagram" */;
			buildPhases = (
				24DED0BA6D3FC96679DE5986 /* Check Pods Manifest.lock */,
				870FEA631C8BD04B0016E197 /* Sources */,
				870FEA641C8BD04B0016E197 /* Frameworks */,
				870FEA651C8BD04B0016E197 /* Resources */,
				2997B5329C68B742C93FA2E2 /* Embed Pods Frameworks */,
				ED98593878956B3E433C762B /* Copy Pods Resources */,
			);
			buildRules = (
			);
			dependencies = (
			);
			name = "CodePath-Instagram";
			productName = "CodePath-Instagram";
			productReference = 870FEA671C8BD04B0016E197 /* CodePath-Instagram.app */;
			productType = "com.apple.product-type.application";
		};
/* End PBXNativeTarget section */

/* Begin PBXProject section */
		870FEA5F1C8BD04B0016E197 /* Project object */ = {
			isa = PBXProject;
			attributes = {
				LastSwiftUpdateCheck = 0720;
				LastUpgradeCheck = 0720;
				ORGANIZATIONNAME = amurella;
				TargetAttributes = {
					870FEA661C8BD04B0016E197 = {
						CreatedOnToolsVersion = 7.2;
						DevelopmentTeam = 45VAF84J29;
					};
				};
			};
			buildConfigurationList = 870FEA621C8BD04B0016E197 /* Build configuration list for PBXProject "CodePath-Instagram" */;
			compatibilityVersion = "Xcode 3.2";
			developmentRegion = English;
			hasScannedForEncodings = 0;
			knownRegions = (
				en,
				Base,
			);
			mainGroup = 870FEA5E1C8BD04B0016E197;
			productRefGroup = 870FEA681C8BD04B0016E197 /* Products */;
			projectDirPath = "";
			projectRoot = "";
			targets = (
				870FEA661C8BD04B0016E197 /* CodePath-Instagram */,
			);
		};
/* End PBXProject section */

/* Begin PBXResourcesBuildPhase section */
		870FEA651C8BD04B0016E197 /* Resources */ = {
			isa = PBXResourcesBuildPhase;
			buildActionMask = 2147483647;
			files = (
				870FEA751C8BD04B0016E197 /* LaunchScreen.storyboard in Resources */,
				870FEA721C8BD04B0016E197 /* Assets.xcassets in Resources */,
				870FEA701C8BD04B0016E197 /* Main.storyboard in Resources */,
			);
			runOnlyForDeploymentPostprocessing = 0;
		};
/* End PBXResourcesBuildPhase section */

/* Begin PBXShellScriptBuildPhase section */
		24DED0BA6D3FC96679DE5986 /* Check Pods Manifest.lock */ = {
			isa = PBXShellScriptBuildPhase;
			buildActionMask = 2147483647;
			files = (
			);
			inputPaths = (
			);
			name = "Check Pods Manifest.lock";
			outputPaths = (
			);
			runOnlyForDeploymentPostprocessing = 0;
			shellPath = /bin/sh;
			shellScript = "diff \"${PODS_ROOT}/../Podfile.lock\" \"${PODS_ROOT}/Manifest.lock\" > /dev/null\nif [[ $? != 0 ]] ; then\n    cat << EOM\nerror: The sandbox is not in sync with the Podfile.lock. Run 'pod install' or update your CocoaPods installation.\nEOM\n    exit 1\nfi\n";
			showEnvVarsInLog = 0;
		};
		2997B5329C68B742C93FA2E2 /* Embed Pods Frameworks */ = {
			isa = PBXShellScriptBuildPhase;
			buildActionMask = 2147483647;
			files = (
			);
			inputPaths = (
			);
			name = "Embed Pods Frameworks";
			outputPaths = (
			);
			runOnlyForDeploymentPostprocessing = 0;
			shellPath = /bin/sh;
			shellScript = "\"${SRCROOT}/Pods/Target Support Files/Pods-CodePath-Instagram/Pods-CodePath-Instagram-frameworks.sh\"\n";
			showEnvVarsInLog = 0;
		};
		ED98593878956B3E433C762B /* Copy Pods Resources */ = {
			isa = PBXShellScriptBuildPhase;
			buildActionMask = 2147483647;
			files = (
			);
			inputPaths = (
			);
			name = "Copy Pods Resources";
			outputPaths = (
			);
			runOnlyForDeploymentPostprocessing = 0;
			shellPath = /bin/sh;
			shellScript = "\"${SRCROOT}/Pods/Target Support Files/Pods-CodePath-Instagram/Pods-CodePath-Instagram-resources.sh\"\n";
			showEnvVarsInLog = 0;
		};
/* End PBXShellScriptBuildPhase section */

/* Begin PBXSourcesBuildPhase section */
		870FEA631C8BD04B0016E197 /* Sources */ = {
			isa = PBXSourcesBuildPhase;
			buildActionMask = 2147483647;
			files = (
				870FEA821C8BD50C0016E197 /* HomeViewController.swift in Sources */,
				870FEA7E1C8BD4F10016E197 /* ProfileViewController.swift in Sources */,
				870FEA801C8BD4FC0016E197 /* CaptureViewController.swift in Sources */,
				870FEA6D1C8BD04B0016E197 /* ViewController.swift in Sources */,
				870FEA6B1C8BD04B0016E197 /* AppDelegate.swift in Sources */,
			);
			runOnlyForDeploymentPostprocessing = 0;
		};
/* End PBXSourcesBuildPhase section */

/* Begin PBXVariantGroup section */
		870FEA6E1C8BD04B0016E197 /* Main.storyboard */ = {
			isa = PBXVariantGroup;
			children = (
				870FEA6F1C8BD04B0016E197 /* Base */,
			);
			name = Main.storyboard;
			sourceTree = "<group>";
		};
		870FEA731C8BD04B0016E197 /* LaunchScreen.storyboard */ = {
			isa = PBXVariantGroup;
			children = (
				870FEA741C8BD04B0016E197 /* Base */,
			);
			name = LaunchScreen.storyboard;
			sourceTree = "<group>";
		};
/* End PBXVariantGroup section */

/* Begin XCBuildConfiguration section */
		870FEA771C8BD04B0016E197 /* Debug */ = {
			isa = XCBuildConfiguration;
			buildSettings = {
				ALWAYS_SEARCH_USER_PATHS = NO;
				CLANG_CXX_LANGUAGE_STANDARD = "gnu++0x";
				CLANG_CXX_LIBRARY = "libc++";
				CLANG_ENABLE_MODULES = YES;
				CLANG_ENABLE_OBJC_ARC = YES;
				CLANG_WARN_BOOL_CONVERSION = YES;
				CLANG_WARN_CONSTANT_CONVERSION = YES;
				CLANG_WARN_DIRECT_OBJC_ISA_USAGE = YES_ERROR;
				CLANG_WARN_EMPTY_BODY = YES;
				CLANG_WARN_ENUM_CONVERSION = YES;
				CLANG_WARN_INT_CONVERSION = YES;
				CLANG_WARN_OBJC_ROOT_CLASS = YES_ERROR;
				CLANG_WARN_UNREACHABLE_CODE = YES;
				CLANG_WARN__DUPLICATE_METHOD_MATCH = YES;
				"CODE_SIGN_IDENTITY[sdk=iphoneos*]" = "iPhone Developer";
				COPY_PHASE_STRIP = NO;
				DEBUG_INFORMATION_FORMAT = dwarf;
				ENABLE_STRICT_OBJC_MSGSEND = YES;
				ENABLE_TESTABILITY = YES;
				GCC_C_LANGUAGE_STANDARD = gnu99;
				GCC_DYNAMIC_NO_PIC = NO;
				GCC_NO_COMMON_BLOCKS = YES;
				GCC_OPTIMIZATION_LEVEL = 0;
				GCC_PREPROCESSOR_DEFINITIONS = (
					"DEBUG=1",
					"$(inherited)",
				);
				GCC_WARN_64_TO_32_BIT_CONVERSION = YES;
				GCC_WARN_ABOUT_RETURN_TYPE = YES_ERROR;
				GCC_WARN_UNDECLARED_SELECTOR = YES;
				GCC_WARN_UNINITIALIZED_AUTOS = YES_AGGRESSIVE;
				GCC_WARN_UNUSED_FUNCTION = YES;
				GCC_WARN_UNUSED_VARIABLE = YES;
				IPHONEOS_DEPLOYMENT_TARGET = 9.2;
				MTL_ENABLE_DEBUG_INFO = YES;
				ONLY_ACTIVE_ARCH = YES;
				SDKROOT = iphoneos;
				SWIFT_OPTIMIZATION_LEVEL = "-Onone";
			};
			name = Debug;
		};
		870FEA781C8BD04B0016E197 /* Release */ = {
			isa = XCBuildConfiguration;
			buildSettings = {
				ALWAYS_SEARCH_USER_PATHS = NO;
				CLANG_CXX_LANGUAGE_STANDARD = "gnu++0x";
				CLANG_CXX_LIBRARY = "libc++";
				CLANG_ENABLE_MODULES = YES;
				CLANG_ENABLE_OBJC_ARC = YES;
				CLANG_WARN_BOOL_CONVERSION = YES;
				CLANG_WARN_CONSTANT_CONVERSION = YES;
				CLANG_WARN_DIRECT_OBJC_ISA_USAGE = YES_ERROR;
				CLANG_WARN_EMPTY_BODY = YES;
				CLANG_WARN_ENUM_CONVERSION = YES;
				CLANG_WARN_INT_CONVERSION = YES;
				CLANG_WARN_OBJC_ROOT_CLASS = YES_ERROR;
				CLANG_WARN_UNREACHABLE_CODE = YES;
				CLANG_WARN__DUPLICATE_METHOD_MATCH = YES;
				"CODE_SIGN_IDENTITY[sdk=iphoneos*]" = "iPhone Developer";
				COPY_PHASE_STRIP = NO;
				DEBUG_INFORMATION_FORMAT = "dwarf-with-dsym";
				ENABLE_NS_ASSERTIONS = NO;
				ENABLE_STRICT_OBJC_MSGSEND = YES;
				GCC_C_LANGUAGE_STANDARD = gnu99;
				GCC_NO_COMMON_BLOCKS = YES;
				GCC_WARN_64_TO_32_BIT_CONVERSION = YES;
				GCC_WARN_ABOUT_RETURN_TYPE = YES_ERROR;
				GCC_WARN_UNDECLARED_SELECTOR = YES;
				GCC_WARN_UNINITIALIZED_AUTOS = YES_AGGRESSIVE;
				GCC_WARN_UNUSED_FUNCTION = YES;
				GCC_WARN_UNUSED_VARIABLE = YES;
				IPHONEOS_DEPLOYMENT_TARGET = 9.2;
				MTL_ENABLE_DEBUG_INFO = NO;
				SDKROOT = iphoneos;
				VALIDATE_PRODUCT = YES;
			};
			name = Release;
		};
		870FEA7A1C8BD04B0016E197 /* Debug */ = {
			isa = XCBuildConfiguration;
			baseConfigurationReference = 01C9DC550DA4C79CDD740E28 /* Pods-CodePath-Instagram.debug.xcconfig */;
			buildSettings = {
				ASSETCATALOG_COMPILER_APPICON_NAME = AppIcon;
				INFOPLIST_FILE = "CodePath-Instagram/Info.plist";
				LD_RUNPATH_SEARCH_PATHS = "$(inherited) @executable_path/Frameworks";
				PRODUCT_BUNDLE_IDENTIFIER = "com.amurella.CodePath-Instagram";
				PRODUCT_NAME = "$(TARGET_NAME)";
			};
			name = Debug;
		};
		870FEA7B1C8BD04B0016E197 /* Release */ = {
			isa = XCBuildConfiguration;
			baseConfigurationReference = 5B61F3739F08A6093DA974E9 /* Pods-CodePath-Instagram.release.xcconfig */;
			buildSettings = {
				ASSETCATALOG_COMPILER_APPICON_NAME = AppIcon;
				INFOPLIST_FILE = "CodePath-Instagram/Info.plist";
				LD_RUNPATH_SEARCH_PATHS = "$(inherited) @executable_path/Frameworks";
				PRODUCT_BUNDLE_IDENTIFIER = "com.amurella.CodePath-Instagram";
				PRODUCT_NAME = "$(TARGET_NAME)";
			};
			name = Release;
		};
/* End XCBuildConfiguration section */

/* Begin XCConfigurationList section */
		870FEA621C8BD04B0016E197 /* Build configuration list for PBXProject "CodePath-Instagram" */ = {
			isa = XCConfigurationList;
			buildConfigurations = (
				870FEA771C8BD04B0016E197 /* Debug */,
				870FEA781C8BD04B0016E197 /* Release */,
			);
			defaultConfigurationIsVisible = 0;
			defaultConfigurationName = Release;
		};
		870FEA791C8BD04B0016E197 /* Build configuration list for PBXNativeTarget "CodePath-Instagram" */ = {
			isa = XCConfigurationList;
			buildConfigurations = (
				870FEA7A1C8BD04B0016E197 /* Debug */,
				870FEA7B1C8BD04B0016E197 /* Release */,
			);
			defaultConfigurationIsVisible = 0;
			defaultConfigurationName = Release;
		};
/* End XCConfigurationList section */
	};
	rootObject = 870FEA5F1C8BD04B0016E197 /* Project object */;
}
